// !$*UTF8*$!
{
	archiveVersion = 1;
	classes = {
	};
	objectVersion = 55;
	objects = {

/* Begin PBXBuildFile section */
		CE2A844C273809BD00B352F9 /* AppDelegate.swift in Sources */ = {isa = PBXBuildFile; fileRef = CE2A844B273809BD00B352F9 /* AppDelegate.swift */; };
		CE2A844E273809BD00B352F9 /* SceneDelegate.swift in Sources */ = {isa = PBXBuildFile; fileRef = CE2A844D273809BD00B352F9 /* SceneDelegate.swift */; };
		CE2A8450273809BD00B352F9 /* ViewController.swift in Sources */ = {isa = PBXBuildFile; fileRef = CE2A844F273809BD00B352F9 /* ViewController.swift */; };
		CE2A8453273809BD00B352F9 /* Main.storyboard in Resources */ = {isa = PBXBuildFile; fileRef = CE2A8451273809BD00B352F9 /* Main.storyboard */; };
		CE2A8455273809BE00B352F9 /* Assets.xcassets in Resources */ = {isa = PBXBuildFile; fileRef = CE2A8454273809BE00B352F9 /* Assets.xcassets */; };
		CE2A8458273809BE00B352F9 /* LaunchScreen.storyboard in Resources */ = {isa = PBXBuildFile; fileRef = CE2A8456273809BE00B352F9 /* LaunchScreen.storyboard */; };
		CE2A846327380A3900B352F9 /* MainView.swift in Sources */ = {isa = PBXBuildFile; fileRef = CE2A846227380A3900B352F9 /* MainView.swift */; };
		CE2A846727380BE900B352F9 /* SnapKit in Frameworks */ = {isa = PBXBuildFile; productRef = CE2A846627380BE900B352F9 /* SnapKit */; };
/* End PBXBuildFile section */

/* Begin PBXFileReference section */
		CE2A8448273809BD00B352F9 /* combineHomeWork.app */ = {isa = PBXFileReference; explicitFileType = wrapper.application; includeInIndex = 0; path = combineHomeWork.app; sourceTree = BUILT_PRODUCTS_DIR; };
		CE2A844B273809BD00B352F9 /* AppDelegate.swift */ = {isa = PBXFileReference; lastKnownFileType = sourcecode.swift; path = AppDelegate.swift; sourceTree = "<group>"; };
		CE2A844D273809BD00B352F9 /* SceneDelegate.swift */ = {isa = PBXFileReference; lastKnownFileType = sourcecode.swift; path = SceneDelegate.swift; sourceTree = "<group>"; };
		CE2A844F273809BD00B352F9 /* ViewController.swift */ = {isa = PBXFileReference; lastKnownFileType = sourcecode.swift; path = ViewController.swift; sourceTree = "<group>"; };
		CE2A8452273809BD00B352F9 /* Base */ = {isa = PBXFileReference; lastKnownFileType = file.storyboard; name = Base; path = Base.lproj/Main.storyboard; sourceTree = "<group>"; };
		CE2A8454273809BE00B352F9 /* Assets.xcassets */ = {isa = PBXFileReference; lastKnownFileType = folder.assetcatalog; path = Assets.xcassets; sourceTree = "<group>"; };
		CE2A8457273809BE00B352F9 /* Base */ = {isa = PBXFileReference; lastKnownFileType = file.storyboard; name = Base; path = Base.lproj/LaunchScreen.storyboard; sourceTree = "<group>"; };
		CE2A8459273809BE00B352F9 /* Info.plist */ = {isa = PBXFileReference; lastKnownFileType = text.plist.xml; path = Info.plist; sourceTree = "<group>"; };
		CE2A846227380A3900B352F9 /* MainView.swift */ = {isa = PBXFileReference; lastKnownFileType = sourcecode.swift; path = MainView.swift; sourceTree = "<group>"; };
/* End PBXFileReference section */

/* Begin PBXFrameworksBuildPhase section */
		CE2A8445273809BD00B352F9 /* Frameworks */ = {
			isa = PBXFrameworksBuildPhase;
			buildActionMask = 2147483647;
			files = (
				CE2A846727380BE900B352F9 /* SnapKit in Frameworks */,
			);
			runOnlyForDeploymentPostprocessing = 0;
		};
/* End PBXFrameworksBuildPhase section */

/* Begin PBXGroup section */
		CE2A843F273809BD00B352F9 = {
			isa = PBXGroup;
			children = (
				CE2A844A273809BD00B352F9 /* combineHomeWork */,
				CE2A8449273809BD00B352F9 /* Products */,
			);
			sourceTree = "<group>";
		};
		CE2A8449273809BD00B352F9 /* Products */ = {
			isa = PBXGroup;
			children = (
				CE2A8448273809BD00B352F9 /* combineHomeWork.app */,
			);
			name = Products;
			sourceTree = "<group>";
		};
		CE2A844A273809BD00B352F9 /* combineHomeWork */ = {
			isa = PBXGroup;
			children = (
				CE2A846927380E5600B352F9 /* Resourses */,
				CE2A846827380E3C00B352F9 /* Root */,
				CE2A845F273809F100B352F9 /* Module */,
				CE2A8451273809BD00B352F9 /* Main.storyboard */,
				CE2A8456273809BE00B352F9 /* LaunchScreen.storyboard */,
			);
			path = combineHomeWork;
			sourceTree = "<group>";
		};
		CE2A845F273809F100B352F9 /* Module */ = {
			isa = PBXGroup;
			children = (
				CE2A8460273809FE00B352F9 /* CatAndDogs */,
			);
			path = Module;
			sourceTree = "<group>";
		};
		CE2A8460273809FE00B352F9 /* CatAndDogs */ = {
			isa = PBXGroup;
			children = (
				CE2A846127380A0D00B352F9 /* View */,
				CE2A844F273809BD00B352F9 /* ViewController.swift */,
			);
			path = CatAndDogs;
			sourceTree = "<group>";
		};
		CE2A846127380A0D00B352F9 /* View */ = {
			isa = PBXGroup;
			children = (
				CE2A846227380A3900B352F9 /* MainView.swift */,
			);
			path = View;
			sourceTree = "<group>";
		};
		CE2A846827380E3C00B352F9 /* Root */ = {
			isa = PBXGroup;
			children = (
				CE2A844B273809BD00B352F9 /* AppDelegate.swift */,
				CE2A844D273809BD00B352F9 /* SceneDelegate.swift */,
			);
			path = Root;
			sourceTree = "<group>";
		};
		CE2A846927380E5600B352F9 /* Resourses */ = {
			isa = PBXGroup;
			children = (
				CE2A8459273809BE00B352F9 /* Info.plist */,
				CE2A8454273809BE00B352F9 /* Assets.xcassets */,
			);
			path = Resourses;
			sourceTree = "<group>";
		};
/* End PBXGroup section */

/* Begin PBXNativeTarget section */
		CE2A8447273809BD00B352F9 /* combineHomeWork */ = {
			isa = PBXNativeTarget;
			buildConfigurationList = CE2A845C273809BE00B352F9 /* Build configuration list for PBXNativeTarget "combineHomeWork" */;
			buildPhases = (
				CE2A8444273809BD00B352F9 /* Sources */,
				CE2A8445273809BD00B352F9 /* Frameworks */,
				CE2A8446273809BD00B352F9 /* Resources */,
			);
			buildRules = (
			);
			dependencies = (
			);
			name = combineHomeWork;
			packageProductDependencies = (
				CE2A846627380BE900B352F9 /* SnapKit */,
			);
			productName = combineHomeWork;
			productReference = CE2A8448273809BD00B352F9 /* combineHomeWork.app */;
			productType = "com.apple.product-type.application";
		};
/* End PBXNativeTarget section */

/* Begin PBXProject section */
		CE2A8440273809BD00B352F9 /* Project object */ = {
			isa = PBXProject;
			attributes = {
				BuildIndependentTargetsInParallel = 1;
				LastSwiftUpdateCheck = 1300;
				LastUpgradeCheck = 1300;
				TargetAttributes = {
					CE2A8447273809BD00B352F9 = {
						CreatedOnToolsVersion = 13.0;
					};
				};
			};
			buildConfigurationList = CE2A8443273809BD00B352F9 /* Build configuration list for PBXProject "combineHomeWork" */;
			compatibilityVersion = "Xcode 13.0";
			developmentRegion = en;
			hasScannedForEncodings = 0;
			knownRegions = (
				en,
				Base,
			);
			mainGroup = CE2A843F273809BD00B352F9;
			packageReferences = (
				CE2A846527380BE900B352F9 /* XCRemoteSwiftPackageReference "SnapKit" */,
			);
			productRefGroup = CE2A8449273809BD00B352F9 /* Products */;
			projectDirPath = "";
			projectRoot = "";
			targets = (
				CE2A8447273809BD00B352F9 /* combineHomeWork */,
			);
		};
/* End PBXProject section */

/* Begin PBXResourcesBuildPhase section */
		CE2A8446273809BD00B352F9 /* Resources */ = {
			isa = PBXResourcesBuildPhase;
			buildActionMask = 2147483647;
			files = (
				CE2A8458273809BE00B352F9 /* LaunchScreen.storyboard in Resources */,
				CE2A8455273809BE00B352F9 /* Assets.xcassets in Resources */,
				CE2A8453273809BD00B352F9 /* Main.storyboard in Resources */,
			);
			runOnlyForDeploymentPostprocessing = 0;
		};
/* End PBXResourcesBuildPhase section */

/* Begin PBXSourcesBuildPhase section */
		CE2A8444273809BD00B352F9 /* Sources */ = {
			isa = PBXSourcesBuildPhase;
			buildActionMask = 2147483647;
			files = (
				CE2A8450273809BD00B352F9 /* ViewController.swift in Sources */,
				CE2A846327380A3900B352F9 /* MainView.swift in Sources */,
				CE2A844C273809BD00B352F9 /* AppDelegate.swift in Sources */,
				CE2A844E273809BD00B352F9 /* SceneDelegate.swift in Sources */,
			);
			runOnlyForDeploymentPostprocessing = 0;
		};
/* End PBXSourcesBuildPhase section */

/* Begin PBXVariantGroup section */
		CE2A8451273809BD00B352F9 /* Main.storyboard */ = {
			isa = PBXVariantGroup;
			children = (
				CE2A8452273809BD00B352F9 /* Base */,
			);
			name = Main.storyboard;
			sourceTree = "<group>";
		};
		CE2A8456273809BE00B352F9 /* LaunchScreen.storyboard */ = {
			isa = PBXVariantGroup;
			children = (
				CE2A8457273809BE00B352F9 /* Base */,
			);
			name = LaunchScreen.storyboard;
			sourceTree = "<group>";
		};
/* End PBXVariantGroup section */

/* Begin XCBuildConfiguration section */
		CE2A845A273809BE00B352F9 /* Debug */ = {
			isa = XCBuildConfiguration;
			buildSettings = {
				ALWAYS_SEARCH_USER_PATHS = NO;
				CLANG_ANALYZER_NONNULL = YES;
				CLANG_ANALYZER_NUMBER_OBJECT_CONVERSION = YES_AGGRESSIVE;
				CLANG_CXX_LANGUAGE_STANDARD = "gnu++17";
				CLANG_CXX_LIBRARY = "libc++";
				CLANG_ENABLE_MODULES = YES;
				CLANG_ENABLE_OBJC_ARC = YES;
				CLANG_ENABLE_OBJC_WEAK = YES;
				CLANG_WARN_BLOCK_CAPTURE_AUTORELEASING = YES;
				CLANG_WARN_BOOL_CONVERSION = YES;
				CLANG_WARN_COMMA = YES;
				CLANG_WARN_CONSTANT_CONVERSION = YES;
				CLANG_WARN_DEPRECATED_OBJC_IMPLEMENTATIONS = YES;
				CLANG_WARN_DIRECT_OBJC_ISA_USAGE = YES_ERROR;
				CLANG_WARN_DOCUMENTATION_COMMENTS = YES;
				CLANG_WARN_EMPTY_BODY = YES;
				CLANG_WARN_ENUM_CONVERSION = YES;
				CLANG_WARN_INFINITE_RECURSION = YES;
				CLANG_WARN_INT_CONVERSION = YES;
				CLANG_WARN_NON_LITERAL_NULL_CONVERSION = YES;
				CLANG_WARN_OBJC_IMPLICIT_RETAIN_SELF = YES;
				CLANG_WARN_OBJC_LITERAL_CONVERSION = YES;
				CLANG_WARN_OBJC_ROOT_CLASS = YES_ERROR;
				CLANG_WARN_QUOTED_INCLUDE_IN_FRAMEWORK_HEADER = YES;
				CLANG_WARN_RANGE_LOOP_ANALYSIS = YES;
				CLANG_WARN_STRICT_PROTOTYPES = YES;
				CLANG_WARN_SUSPICIOUS_MOVE = YES;
				CLANG_WARN_UNGUARDED_AVAILABILITY = YES_AGGRESSIVE;
				CLANG_WARN_UNREACHABLE_CODE = YES;
				CLANG_WARN__DUPLICATE_METHOD_MATCH = YES;
				COPY_PHASE_STRIP = NO;
				DEBUG_INFORMATION_FORMAT = dwarf;
				ENABLE_STRICT_OBJC_MSGSEND = YES;
				ENABLE_TESTABILITY = YES;
				GCC_C_LANGUAGE_STANDARD = gnu11;
				GCC_DYNAMIC_NO_PIC = NO;
				GCC_NO_COMMON_BLOCKS = YES;
				GCC_OPTIMIZATION_LEVEL = 0;
				GCC_PREPROCESSOR_DEFINITIONS = (
					"DEBUG=1",
					"$(inherited)",
				);
				GCC_WARN_64_TO_32_BIT_CONVERSION = YES;
				GCC_WARN_ABOUT_RETURN_TYPE = YES_ERROR;
				GCC_WARN_UNDECLARED_SELECTOR = YES;
				GCC_WARN_UNINITIALIZED_AUTOS = YES_AGGRESSIVE;
				GCC_WARN_UNUSED_FUNCTION = YES;
				GCC_WARN_UNUSED_VARIABLE = YES;
				IPHONEOS_DEPLOYMENT_TARGET = 15.0;
				MTL_ENABLE_DEBUG_INFO = INCLUDE_SOURCE;
				MTL_FAST_MATH = YES;
				ONLY_ACTIVE_ARCH = YES;
				SDKROOT = iphoneos;
				SWIFT_ACTIVE_COMPILATION_CONDITIONS = DEBUG;
				SWIFT_OPTIMIZATION_LEVEL = "-Onone";
			};
			name = Debug;
		};
		CE2A845B273809BE00B352F9 /* Release */ = {
			isa = XCBuildConfiguration;
			buildSettings = {
				ALWAYS_SEARCH_USER_PATHS = NO;
				CLANG_ANALYZER_NONNULL = YES;
				CLANG_ANALYZER_NUMBER_OBJECT_CONVERSION = YES_AGGRESSIVE;
				CLANG_CXX_LANGUAGE_STANDARD = "gnu++17";
				CLANG_CXX_LIBRARY = "libc++";
				CLANG_ENABLE_MODULES = YES;
				CLANG_ENABLE_OBJC_ARC = YES;
				CLANG_ENABLE_OBJC_WEAK = YES;
				CLANG_WARN_BLOCK_CAPTURE_AUTORELEASING = YES;
				CLANG_WARN_BOOL_CONVERSION = YES;
				CLANG_WARN_COMMA = YES;
				CLANG_WARN_CONSTANT_CONVERSION = YES;
				CLANG_WARN_DEPRECATED_OBJC_IMPLEMENTATIONS = YES;
				CLANG_WARN_DIRECT_OBJC_ISA_USAGE = YES_ERROR;
				CLANG_WARN_DOCUMENTATION_COMMENTS = YES;
				CLANG_WARN_EMPTY_BODY = YES;
				CLANG_WARN_ENUM_CONVERSION = YES;
				CLANG_WARN_INFINITE_RECURSION = YES;
				CLANG_WARN_INT_CONVERSION = YES;
				CLANG_WARN_NON_LITERAL_NULL_CONVERSION = YES;
				CLANG_WARN_OBJC_IMPLICIT_RETAIN_SELF = YES;
				CLANG_WARN_OBJC_LITERAL_CONVERSION = YES;
				CLANG_WARN_OBJC_ROOT_CLASS = YES_ERROR;
				CLANG_WARN_QUOTED_INCLUDE_IN_FRAMEWORK_HEADER = YES;
				CLANG_WARN_RANGE_LOOP_ANALYSIS = YES;
				CLANG_WARN_STRICT_PROTOTYPES = YES;
				CLANG_WARN_SUSPICIOUS_MOVE = YES;
				CLANG_WARN_UNGUARDED_AVAILABILITY = YES_AGGRESSIVE;
				CLANG_WARN_UNREACHABLE_CODE = YES;
				CLANG_WARN__DUPLICATE_METHOD_MATCH = YES;
				COPY_PHASE_STRIP = NO;
				DEBUG_INFORMATION_FORMAT = "dwarf-with-dsym";
				ENABLE_NS_ASSERTIONS = NO;
				ENABLE_STRICT_OBJC_MSGSEND = YES;
				GCC_C_LANGUAGE_STANDARD = gnu11;
				GCC_NO_COMMON_BLOCKS = YES;
				GCC_WARN_64_TO_32_BIT_CONVERSION = YES;
				GCC_WARN_ABOUT_RETURN_TYPE = YES_ERROR;
				GCC_WARN_UNDECLARED_SELECTOR = YES;
				GCC_WARN_UNINITIALIZED_AUTOS = YES_AGGRESSIVE;
				GCC_WARN_UNUSED_FUNCTION = YES;
				GCC_WARN_UNUSED_VARIABLE = YES;
				IPHONEOS_DEPLOYMENT_TARGET = 15.0;
				MTL_ENABLE_DEBUG_INFO = NO;
				MTL_FAST_MATH = YES;
				SDKROOT = iphoneos;
				SWIFT_COMPILATION_MODE = wholemodule;
				SWIFT_OPTIMIZATION_LEVEL = "-O";
				VALIDATE_PRODUCT = YES;
			};
			name = Release;
		};
		CE2A845D273809BE00B352F9 /* Debug */ = {
			isa = XCBuildConfiguration;
			buildSettings = {
				ASSETCATALOG_COMPILER_APPICON_NAME = AppIcon;
				ASSETCATALOG_COMPILER_GLOBAL_ACCENT_COLOR_NAME = AccentColor;
				CODE_SIGN_STYLE = Automatic;
				CURRENT_PROJECT_VERSION = 1;
				DEVELOPMENT_TEAM = XJ4J2883LV;
				GENERATE_INFOPLIST_FILE = YES;
				INFOPLIST_FILE = combineHomeWork/Info.plist;
				INFOPLIST_KEY_UIApplicationSupportsIndirectInputEvents = YES;
				INFOPLIST_KEY_UILaunchStoryboardName = LaunchScreen;
				INFOPLIST_KEY_UIMainStoryboardFile = Main;
				INFOPLIST_KEY_UISupportedInterfaceOrientations_iPad = "UIInterfaceOrientationPortrait UIInterfaceOrientationPortraitUpsideDown UIInterfaceOrientationLandscapeLeft UIInterfaceOrientationLandscapeRight";
				INFOPLIST_KEY_UISupportedInterfaceOrientations_iPhone = "UIInterfaceOrientationPortrait UIInterfaceOrientationLandscapeLeft UIInterfaceOrientationLandscapeRight";
				LD_RUNPATH_SEARCH_PATHS = (
					"$(inherited)",
					"@executable_path/Frameworks",
				);
				MARKETING_VERSION = 1.0;
				PRODUCT_BUNDLE_IDENTIFIER = nailGaliev.combineHomeWork;
				PRODUCT_NAME = "$(TARGET_NAME)";
				SWIFT_EMIT_LOC_STRINGS = YES;
				SWIFT_VERSION = 5.0;
				TARGETED_DEVICE_FAMILY = "1,2";
			};
			name = Debug;
		};
		CE2A845E273809BE00B352F9 /* Release */ = {
			isa = XCBuildConfiguration;
			buildSettings = {
				ASSETCATALOG_COMPILER_APPICON_NAME = AppIcon;
				ASSETCATALOG_COMPILER_GLOBAL_ACCENT_COLOR_NAME = AccentColor;
				CODE_SIGN_STYLE = Automatic;
				CURRENT_PROJECT_VERSION = 1;
				DEVELOPMENT_TEAM = XJ4J2883LV;
				GENERATE_INFOPLIST_FILE = YES;
				INFOPLIST_FILE = combineHomeWork/Info.plist;
				INFOPLIST_KEY_UIApplicationSupportsIndirectInputEvents = YES;
				INFOPLIST_KEY_UILaunchStoryboardName = LaunchScreen;
				INFOPLIST_KEY_UIMainStoryboardFile = Main;
				INFOPLIST_KEY_UISupportedInterfaceOrientations_iPad = "UIInterfaceOrientationPortrait UIInterfaceOrientationPortraitUpsideDown UIInterfaceOrientationLandscapeLeft UIInterfaceOrientationLandscapeRight";
				INFOPLIST_KEY_UISupportedInterfaceOrientations_iPhone = "UIInterfaceOrientationPortrait UIInterfaceOrientationLandscapeLeft UIInterfaceOrientationLandscapeRight";
				LD_RUNPATH_SEARCH_PATHS = (
					"$(inherited)",
					"@executable_path/Frameworks",
				);
				MARKETING_VERSION = 1.0;
				PRODUCT_BUNDLE_IDENTIFIER = nailGaliev.combineHomeWork;
				PRODUCT_NAME = "$(TARGET_NAME)";
				SWIFT_EMIT_LOC_STRINGS = YES;
				SWIFT_VERSION = 5.0;
				TARGETED_DEVICE_FAMILY = "1,2";
			};
			name = Release;
		};
/* End XCBuildConfiguration section */

/* Begin XCConfigurationList section */
		CE2A8443273809BD00B352F9 /* Build configuration list for PBXProject "combineHomeWork" */ = {
			isa = XCConfigurationList;
			buildConfigurations = (
				CE2A845A273809BE00B352F9 /* Debug */,
				CE2A845B273809BE00B352F9 /* Release */,
			);
			defaultConfigurationIsVisible = 0;
			defaultConfigurationName = Release;
		};
		CE2A845C273809BE00B352F9 /* Build configuration list for PBXNativeTarget "combineHomeWork" */ = {
			isa = XCConfigurationList;
			buildConfigurations = (
				CE2A845D273809BE00B352F9 /* Debug */,
				CE2A845E273809BE00B352F9 /* Release */,
			);
			defaultConfigurationIsVisible = 0;
			defaultConfigurationName = Release;
		};
/* End XCConfigurationList section */

/* Begin XCRemoteSwiftPackageReference section */
		CE2A846527380BE900B352F9 /* XCRemoteSwiftPackageReference "SnapKit" */ = {
			isa = XCRemoteSwiftPackageReference;
			repositoryURL = "https://github.com/SnapKit/SnapKit";
			requirement = {
				kind = upToNextMajorVersion;
				minimumVersion = 5.0.0;
			};
		};
/* End XCRemoteSwiftPackageReference section */

/* Begin XCSwiftPackageProductDependency section */
		CE2A846627380BE900B352F9 /* SnapKit */ = {
			isa = XCSwiftPackageProductDependency;
			package = CE2A846527380BE900B352F9 /* XCRemoteSwiftPackageReference "SnapKit" */;
			productName = SnapKit;
		};
/* End XCSwiftPackageProductDependency section */
	};
	rootObject = CE2A8440273809BD00B352F9 /* Project object */;
}
